
Microsoft Visual Studio Solution File, Format Version 12.00
Project("{FAE04EC0-301F-11D3-BF4B-00C04F79EFBC}") = "Habit Tracker", "Habit Tracker.csproj", "{8E44D363-0125-4D0F-9B8C-EFBE9FA1DE0E}"
EndProject
Global
	GlobalSection(SolutionConfigurationPlatforms) = preSolution
		Debug|Any CPU = Debug|Any CPU
		Release|Any CPU = Release|Any CPU
	EndGlobalSection
	GlobalSection(ProjectConfigurationPlatforms) = postSolution
		{8E44D363-0125-4D0F-9B8C-EFBE9FA1DE0E}.Debug|Any CPU.ActiveCfg = Debug|Any CPU
		{8E44D363-0125-4D0F-9B8C-EFBE9FA1DE0E}.Debug|Any CPU.Build.0 = Debug|Any CPU
		{8E44D363-0125-4D0F-9B8C-EFBE9FA1DE0E}.Release|Any CPU.ActiveCfg = Release|Any CPU
		{8E44D363-0125-4D0F-9B8C-EFBE9FA1DE0E}.Release|Any CPU.Build.0 = Release|Any CPU
	EndGlobalSection
EndGlobal
